// This lockfile was autogenerated by Pants. To regenerate, run:
//
//    pants generate-lockfiles --resolve=python-default
//
// --- BEGIN PANTS LOCKFILE METADATA: DO NOT EDIT OR REMOVE ---
// {
//   "version": 3,
//   "valid_for_interpreter_constraints": [
//     "CPython==3.11.*"
//   ],
//   "generated_with_requirements": [
//     "django<4.0.0,>=3.2"
//   ],
//   "manylinux": "manylinux2014",
//   "requirement_constraints": [],
//   "only_binary": [],
//   "no_binary": []
// }
// --- END PANTS LOCKFILE METADATA ---

{
  "allow_builds": true,
  "allow_prereleases": false,
  "allow_wheels": true,
  "build_isolation": true,
  "constraints": [],
  "locked_resolves": [
    {
      "locked_requirements": [
        {
          "artifacts": [
            {
              "algorithm": "sha256",
              "hash": "89b2ef2247e3b562a16eef663bc0e2e703ec6468e2fa8a5cd61cd449786d4f6e",
              "url": "https://files.pythonhosted.org/packages/9b/80/b9051a4a07ad231558fcd8ffc89232711b4e618c15cb7a392a17384bbeef/asgiref-3.7.2-py3-none-any.whl"
            },
            {
              "algorithm": "sha256",
              "hash": "9e0ce3aa93a819ba5b45120216b23878cf6e8525eb3848653452b4192b92afed",
              "url": "https://files.pythonhosted.org/packages/12/19/64e38c1c2cbf0da9635b7082bbdf0e89052e93329279f59759c24a10cc96/asgiref-3.7.2.tar.gz"
            }
          ],
          "project_name": "asgiref",
          "requires_dists": [
            "mypy>=0.800; extra == \"tests\"",
            "pytest-asyncio; extra == \"tests\"",
            "pytest; extra == \"tests\"",
            "typing-extensions>=4; python_version < \"3.11\""
          ],
          "requires_python": ">=3.7",
          "version": "3.7.2"
        },
        {
          "artifacts": [
            {
              "algorithm": "sha256",
              "hash": "c5e7b668025a6e06cad9ba6d4de1fd1a21212acebb51ea34abb400c6e4d33430",
              "url": "https://files.pythonhosted.org/packages/1b/29/13d5f2a5de460b66a92e4e99b0e2ceb9f3e619da70e51772981268524e0d/Django-3.2.22-py3-none-any.whl"
            },
            {
              "algorithm": "sha256",
              "hash": "83b6d66b06e484807d778263fdc7f9186d4dc1862fcfa6507830446ac6b060ba",
              "url": "https://files.pythonhosted.org/packages/46/fa/6ff52b6d92e52eec8d5037f79337ff70321eb7831dda1d13da3ad58f53ab/Django-3.2.22.tar.gz"
            }
          ],
          "project_name": "django",
          "requires_dists": [
            "argon2-cffi>=19.1.0; extra == \"argon2\"",
            "asgiref<4,>=3.3.2",
            "bcrypt; extra == \"bcrypt\"",
            "pytz",
            "sqlparse>=0.2.2"
          ],
          "requires_python": ">=3.6",
          "version": "3.2.22"
        },
        {
          "artifacts": [
            {
              "algorithm": "sha256",
              "hash": "ce42d816b81b68506614c11e8937d3aa9e41007ceb50bfdcb0749b921bf646c7",
              "url": "https://files.pythonhosted.org/packages/32/4d/aaf7eff5deb402fd9a24a1449a8119f00d74ae9c2efa79f8ef9994261fc2/pytz-2023.3.post1-py2.py3-none-any.whl"
            },
            {
              "algorithm": "sha256",
              "hash": "7b4fddbeb94a1eba4b557da24f19fdf9db575192544270a9101d8509f9f43d7b",
              "url": "https://files.pythonhosted.org/packages/69/4f/7bf883f12ad496ecc9514cd9e267b29a68b3e9629661a2bbc24f80eff168/pytz-2023.3.post1.tar.gz"
            }
          ],
          "project_name": "pytz",
          "requires_dists": [],
          "requires_python": null,
          "version": "2023.3.post1"
        },
        {
          "artifacts": [
            {
              "algorithm": "sha256",
              "hash": "5430a4fe2ac7d0f93e66f1efc6e1338a41884b7ddf2a350cedd20ccc4d9d28f3",
              "url": "https://files.pythonhosted.org/packages/98/5a/66d7c9305baa9f11857f247d4ba761402cea75db6058ff850ed7128957b7/sqlparse-0.4.4-py3-none-any.whl"
            },
            {
              "algorithm": "sha256",
              "hash": "d446183e84b8349fa3061f0fe7f06ca94ba65b426946ffebe6e3e8295332420c",
              "url": "https://files.pythonhosted.org/packages/65/16/10f170ec641ed852611b6c9441b23d10b5702ab5288371feab3d36de2574/sqlparse-0.4.4.tar.gz"
            }
          ],
          "project_name": "sqlparse",
          "requires_dists": [
            "build; extra == \"dev\"",
            "flake8; extra == \"dev\"",
            "pytest-cov; extra == \"test\"",
            "pytest; extra == \"test\"",
            "sphinx; extra == \"doc\""
          ],
          "requires_python": ">=3.5",
          "version": "0.4.4"
        }
      ],
      "platform_tag": null
    }
  ],
  "path_mappings": {},
  "pex_version": "2.1.137",
  "pip_version": "23.1.2",
  "prefer_older_binary": false,
  "requirements": [
    "django<4.0.0,>=3.2"
  ],
  "requires_python": [
    "==3.11.*"
  ],
  "resolver_version": "pip-2020-resolver",
  "style": "universal",
  "target_systems": [
    "linux",
    "mac"
  ],
  "transitive": true,
  "use_pep517": null
}
